# THIS IS AN AUTOGENERATED FILE. DO NOT EDIT THIS FILE DIRECTLY.
# yarn lockfile v1


"@vuepress/plugin-back-to-top@^1.8.2":
  version "1.8.2"
  resolved "https://registry.yarnpkg.com/@vuepress/plugin-back-to-top/-/plugin-back-to-top-1.8.2.tgz#e9794409d1d589e4952b0700291270d2696e6d01"
  integrity sha512-htAf2m8+6cGmYQexWerznGBY10y1E4TBfebYC3Y3wqNjFjvXUmRKcAG/u6Yxvey4OFkQUxbth2ilKi/GlIW8aQ==
  dependencies:
    lodash.debounce "^4.0.8"

"@vuepress/plugin-nprogress@^1.8.2":
  version "1.8.2"
  resolved "https://registry.yarnpkg.com/@vuepress/plugin-nprogress/-/plugin-nprogress-1.8.2.tgz#dc6c082925420c8c59ecb7fc2d4a9401f6d4664a"
  integrity sha512-3TOBee2NM3WLr1tdjDTGfrAMggjN+OlEPyKyv8FqThsVkDYhw48O3HwqlThp9KX7UbL3ExxIFBwWRFLC+kYrdw==
  dependencies:
    nprogress "^0.2.0"

lodash.debounce@^4.0.8:
  version "4.0.8"
  resolved "https://registry.yarnpkg.com/lodash.debounce/-/lodash.debounce-4.0.8.tgz#82d79bff30a67c4005ffd5e2515300ad9ca4d7af"
  integrity sha1-gteb/zCmfEAF/9XiUVMArZyk168=

nprogress@^0.2.0:
  version "0.2.0"
  resolved "https://registry.yarnpkg.com/nprogress/-/nprogress-0.2.0.tgz#cb8f34c53213d895723fcbab907e9422adbcafb1"
  integrity sha1-y480xTIT2JVyP8urkH6UIq28r7E=
